
Microsoft Visual Studio Solution File, Format Version 12.00
# Visual Studio 15
VisualStudioVersion = 15.0.28307.271
MinimumVisualStudioVersion = 10.0.40219.1
Project("{FAE04EC0-301F-11D3-BF4B-00C04F79EFBC}") = "dss-cmd", "dss-cmd\dss-cmd.csproj", "{16978379-7C16-424D-B76B-7D048A858CB7}"
EndProject
Project("{FAE04EC0-301F-11D3-BF4B-00C04F79EFBC}") = "CatalogExplorer", "CatalogExplorer\CatalogExplorer.csproj", "{A09D42C7-15AC-46D7-B71D-00942D950175}"
EndProject
Project("{FAE04EC0-301F-11D3-BF4B-00C04F79EFBC}") = "WpfCatalogExplorer", "WpfCatalogExplorer\WpfCatalogExplorer.csproj", "{15254265-1874-441F-89A2-8DD7C5B30D00}"
EndProject
Global
	GlobalSection(SolutionConfigurationPlatforms) = preSolution
		Debug|Any CPU = Debug|Any CPU
		Debug|x64 = Debug|x64
		Release|Any CPU = Release|Any CPU
		Release|x64 = Release|x64
	EndGlobalSection
	GlobalSection(ProjectConfigurationPlatforms) = postSolution
		{16978379-7C16-424D-B76B-7D048A858CB7}.Debug|Any CPU.ActiveCfg = Debug|x64
		{16978379-7C16-424D-B76B-7D048A858CB7}.Debug|Any CPU.Build.0 = Debug|x64
		{16978379-7C16-424D-B76B-7D048A858CB7}.Debug|x64.ActiveCfg = Debug|x64
		{16978379-7C16-424D-B76B-7D048A858CB7}.Debug|x64.Build.0 = Debug|x64
		{16978379-7C16-424D-B76B-7D048A858CB7}.Release|Any CPU.ActiveCfg = Release|Any CPU
		{16978379-7C16-424D-B76B-7D048A858CB7}.Release|Any CPU.Build.0 = Release|Any CPU
		{16978379-7C16-424D-B76B-7D048A858CB7}.Release|x64.ActiveCfg = Release|x64
		{16978379-7C16-424D-B76B-7D048A858CB7}.Release|x64.Build.0 = Release|x64
		{A09D42C7-15AC-46D7-B71D-00942D950175}.Debug|Any CPU.ActiveCfg = Debug|Any CPU
		{A09D42C7-15AC-46D7-B71D-00942D950175}.Debug|Any CPU.Build.0 = Debug|Any CPU
		{A09D42C7-15AC-46D7-B71D-00942D950175}.Debug|x64.ActiveCfg = Debug|Any CPU
		{A09D42C7-15AC-46D7-B71D-00942D950175}.Debug|x64.Build.0 = Debug|Any CPU
		{A09D42C7-15AC-46D7-B71D-00942D950175}.Release|Any CPU.ActiveCfg = Release|Any CPU
		{A09D42C7-15AC-46D7-B71D-00942D950175}.Release|Any CPU.Build.0 = Release|Any CPU
		{A09D42C7-15AC-46D7-B71D-00942D950175}.Release|x64.ActiveCfg = Release|Any CPU
		{A09D42C7-15AC-46D7-B71D-00942D950175}.Release|x64.Build.0 = Release|Any CPU
		{15254265-1874-441F-89A2-8DD7C5B30D00}.Debug|Any CPU.ActiveCfg = Debug|Any CPU
		{15254265-1874-441F-89A2-8DD7C5B30D00}.Debug|Any CPU.Build.0 = Debug|Any CPU
		{15254265-1874-441F-89A2-8DD7C5B30D00}.Debug|x64.ActiveCfg = Debug|Any CPU
		{15254265-1874-441F-89A2-8DD7C5B30D00}.Debug|x64.Build.0 = Debug|Any CPU
		{15254265-1874-441F-89A2-8DD7C5B30D00}.Release|Any CPU.ActiveCfg = Release|Any CPU
		{15254265-1874-441F-89A2-8DD7C5B30D00}.Release|Any CPU.Build.0 = Release|Any CPU
		{15254265-1874-441F-89A2-8DD7C5B30D00}.Release|x64.ActiveCfg = Release|Any CPU
		{15254265-1874-441F-89A2-8DD7C5B30D00}.Release|x64.Build.0 = Release|Any CPU
	EndGlobalSection
	GlobalSection(SolutionProperties) = preSolution
		HideSolutionNode = FALSE
	EndGlobalSection
	GlobalSection(ExtensibilityGlobals) = postSolution
		SolutionGuid = {6F1DFA3D-EB89-4682-9ADE-6B38B9585CF5}
	EndGlobalSection
EndGlobal
