
Microsoft Visual Studio Solution File, Format Version 12.00
# Visual Studio Version 16
VisualStudioVersion = 16.0.29411.108
MinimumVisualStudioVersion = 10.0.40219.1
Project("{FAE04EC0-301F-11D3-BF4B-00C04F79EFBC}") = "WpfCatalogExplorer", "WpfCatalogExplorer\WpfCatalogExplorer.csproj", "{15254265-1874-441F-89A2-8DD7C5B30D00}"
EndProject
Global
	GlobalSection(SolutionConfigurationPlatforms) = preSolution
		Debug|Any CPU = Debug|Any CPU
		Debug|x64 = Debug|x64
		Debug|x86 = Debug|x86
		Release|Any CPU = Release|Any CPU
		Release|x64 = Release|x64
		Release|x86 = Release|x86
	EndGlobalSection
	GlobalSection(ProjectConfigurationPlatforms) = postSolution
		{15254265-1874-441F-89A2-8DD7C5B30D00}.Debug|Any CPU.ActiveCfg = Debug|Any CPU
		{15254265-1874-441F-89A2-8DD7C5B30D00}.Debug|Any CPU.Build.0 = Debug|Any CPU
		{15254265-1874-441F-89A2-8DD7C5B30D00}.Debug|x64.ActiveCfg = Debug|x64
		{15254265-1874-441F-89A2-8DD7C5B30D00}.Debug|x64.Build.0 = Debug|x64
		{15254265-1874-441F-89A2-8DD7C5B30D00}.Debug|x86.ActiveCfg = Debug|x86
		{15254265-1874-441F-89A2-8DD7C5B30D00}.Debug|x86.Build.0 = Debug|x86
		{15254265-1874-441F-89A2-8DD7C5B30D00}.Release|Any CPU.ActiveCfg = Release|Any CPU
		{15254265-1874-441F-89A2-8DD7C5B30D00}.Release|Any CPU.Build.0 = Release|Any CPU
		{15254265-1874-441F-89A2-8DD7C5B30D00}.Release|x64.ActiveCfg = Release|Any CPU
		{15254265-1874-441F-89A2-8DD7C5B30D00}.Release|x64.Build.0 = Release|Any CPU
		{15254265-1874-441F-89A2-8DD7C5B30D00}.Release|x86.ActiveCfg = Release|x86
		{15254265-1874-441F-89A2-8DD7C5B30D00}.Release|x86.Build.0 = Release|x86
	EndGlobalSection
	GlobalSection(SolutionProperties) = preSolution
		HideSolutionNode = FALSE
	EndGlobalSection
	GlobalSection(ExtensibilityGlobals) = postSolution
		SolutionGuid = {6F1DFA3D-EB89-4682-9ADE-6B38B9585CF5}
	EndGlobalSection
EndGlobal
